// !$*UTF8*$!
{
	archiveVersion = 1;
	classes = {
	};
	objectVersion = 50;
	objects = {

/* Begin PBXBuildFile section */
		7823ACAE2077539300985A41 /* LoadRequest.swift in Sources */ = {isa = PBXBuildFile; fileRef = 7823ACAD2077539300985A41 /* LoadRequest.swift */; };
		782FDA0120762246006A3C0C /* AppDelegate.swift in Sources */ = {isa = PBXBuildFile; fileRef = 782FDA0020762246006A3C0C /* AppDelegate.swift */; };
		782FDA0320762246006A3C0C /* DetailsViewController.swift in Sources */ = {isa = PBXBuildFile; fileRef = 782FDA0220762246006A3C0C /* DetailsViewController.swift */; };
		782FDA0620762246006A3C0C /* Main.storyboard in Resources */ = {isa = PBXBuildFile; fileRef = 782FDA0420762246006A3C0C /* Main.storyboard */; };
		782FDA082076224A006A3C0C /* Assets.xcassets in Resources */ = {isa = PBXBuildFile; fileRef = 782FDA072076224A006A3C0C /* Assets.xcassets */; };
		782FDA0B2076224A006A3C0C /* LaunchScreen.storyboard in Resources */ = {isa = PBXBuildFile; fileRef = 782FDA092076224A006A3C0C /* LaunchScreen.storyboard */; };
		782FDA1820764CC3006A3C0C /* NewsItem.swift in Sources */ = {isa = PBXBuildFile; fileRef = 782FDA1720764CC3006A3C0C /* NewsItem.swift */; };
		782FDA1B20764F07006A3C0C /* NewsTableViewController.swift in Sources */ = {isa = PBXBuildFile; fileRef = 782FDA1A20764F07006A3C0C /* NewsTableViewController.swift */; };
		782FDA1D20764F22006A3C0C /* NewsTableViewCell.swift in Sources */ = {isa = PBXBuildFile; fileRef = 782FDA1C20764F22006A3C0C /* NewsTableViewCell.swift */; };
		784B77F120778A8E00A719AA /* NewsSelector.swift in Sources */ = {isa = PBXBuildFile; fileRef = 784B77F020778A8E00A719AA /* NewsSelector.swift */; };
/* End PBXBuildFile section */

/* Begin PBXFileReference section */
		7823ACAD2077539300985A41 /* LoadRequest.swift */ = {isa = PBXFileReference; lastKnownFileType = sourcecode.swift; path = LoadRequest.swift; sourceTree = "<group>"; };
		782FD9FD20762246006A3C0C /* TTITransition.app */ = {isa = PBXFileReference; explicitFileType = wrapper.application; includeInIndex = 0; path = TTITransition.app; sourceTree = BUILT_PRODUCTS_DIR; };
		782FDA0020762246006A3C0C /* AppDelegate.swift */ = {isa = PBXFileReference; lastKnownFileType = sourcecode.swift; path = AppDelegate.swift; sourceTree = "<group>"; };
		782FDA0220762246006A3C0C /* DetailsViewController.swift */ = {isa = PBXFileReference; lastKnownFileType = sourcecode.swift; path = DetailsViewController.swift; sourceTree = "<group>"; };
		782FDA0520762246006A3C0C /* Base */ = {isa = PBXFileReference; lastKnownFileType = file.storyboard; name = Base; path = Base.lproj/Main.storyboard; sourceTree = "<group>"; };
		782FDA072076224A006A3C0C /* Assets.xcassets */ = {isa = PBXFileReference; lastKnownFileType = folder.assetcatalog; path = Assets.xcassets; sourceTree = "<group>"; };
		782FDA0A2076224A006A3C0C /* Base */ = {isa = PBXFileReference; lastKnownFileType = file.storyboard; name = Base; path = Base.lproj/LaunchScreen.storyboard; sourceTree = "<group>"; };
		782FDA0C2076224A006A3C0C /* Info.plist */ = {isa = PBXFileReference; lastKnownFileType = text.plist.xml; path = Info.plist; sourceTree = "<group>"; };
		782FDA1720764CC3006A3C0C /* NewsItem.swift */ = {isa = PBXFileReference; lastKnownFileType = sourcecode.swift; path = NewsItem.swift; sourceTree = "<group>"; };
		782FDA1A20764F07006A3C0C /* NewsTableViewController.swift */ = {isa = PBXFileReference; lastKnownFileType = sourcecode.swift; path = NewsTableViewController.swift; sourceTree = "<group>"; };
		782FDA1C20764F22006A3C0C /* NewsTableViewCell.swift */ = {isa = PBXFileReference; lastKnownFileType = sourcecode.swift; path = NewsTableViewCell.swift; sourceTree = "<group>"; };
		784B77F020778A8E00A719AA /* NewsSelector.swift */ = {isa = PBXFileReference; lastKnownFileType = sourcecode.swift; path = NewsSelector.swift; sourceTree = "<group>"; };
/* End PBXFileReference section */

/* Begin PBXFrameworksBuildPhase section */
		782FD9FA20762246006A3C0C /* Frameworks */ = {
			isa = PBXFrameworksBuildPhase;
			buildActionMask = 2147483647;
			files = (
			);
			runOnlyForDeploymentPostprocessing = 0;
		};
/* End PBXFrameworksBuildPhase section */

/* Begin PBXGroup section */
		782FD9F420762246006A3C0C = {
			isa = PBXGroup;
			children = (
				782FD9FF20762246006A3C0C /* TTITransition */,
				782FD9FE20762246006A3C0C /* Products */,
			);
			sourceTree = "<group>";
		};
		782FD9FE20762246006A3C0C /* Products */ = {
			isa = PBXGroup;
			children = (
				782FD9FD20762246006A3C0C /* TTITransition.app */,
			);
			name = Products;
			sourceTree = "<group>";
		};
		782FD9FF20762246006A3C0C /* TTITransition */ = {
			isa = PBXGroup;
			children = (
				782FDA1920764DDA006A3C0C /* ViewControllers */,
				782FDA162076484B006A3C0C /* Models */,
				782FDA13207625DE006A3C0C /* View */,
				782FDA0020762246006A3C0C /* AppDelegate.swift */,
				782FDA0420762246006A3C0C /* Main.storyboard */,
				782FDA072076224A006A3C0C /* Assets.xcassets */,
				782FDA092076224A006A3C0C /* LaunchScreen.storyboard */,
				782FDA0C2076224A006A3C0C /* Info.plist */,
			);
			path = TTITransition;
			sourceTree = "<group>";
		};
		782FDA13207625DE006A3C0C /* View */ = {
			isa = PBXGroup;
			children = (
				782FDA1C20764F22006A3C0C /* NewsTableViewCell.swift */,
			);
			path = View;
			sourceTree = "<group>";
		};
		782FDA162076484B006A3C0C /* Models */ = {
			isa = PBXGroup;
			children = (
				782FDA1720764CC3006A3C0C /* NewsItem.swift */,
				7823ACAD2077539300985A41 /* LoadRequest.swift */,
				784B77F020778A8E00A719AA /* NewsSelector.swift */,
			);
			path = Models;
			sourceTree = "<group>";
		};
		782FDA1920764DDA006A3C0C /* ViewControllers */ = {
			isa = PBXGroup;
			children = (
				782FDA0220762246006A3C0C /* DetailsViewController.swift */,
				782FDA1A20764F07006A3C0C /* NewsTableViewController.swift */,
			);
			path = ViewControllers;
			sourceTree = "<group>";
		};
/* End PBXGroup section */

/* Begin PBXNativeTarget section */
		782FD9FC20762246006A3C0C /* TTITransition */ = {
			isa = PBXNativeTarget;
			buildConfigurationList = 782FDA0F2076224A006A3C0C /* Build configuration list for PBXNativeTarget "TTITransition" */;
			buildPhases = (
				782FD9F920762246006A3C0C /* Sources */,
				782FD9FA20762246006A3C0C /* Frameworks */,
				782FD9FB20762246006A3C0C /* Resources */,
			);
			buildRules = (
			);
			dependencies = (
			);
			name = TTITransition;
			productName = TTITransition;
			productReference = 782FD9FD20762246006A3C0C /* TTITransition.app */;
			productType = "com.apple.product-type.application";
		};
/* End PBXNativeTarget section */

/* Begin PBXProject section */
		782FD9F520762246006A3C0C /* Project object */ = {
			isa = PBXProject;
			attributes = {
				LastSwiftUpdateCheck = 0930;
				LastUpgradeCheck = 0930;
				ORGANIZATIONNAME = ANDRE.CORP;
				TargetAttributes = {
					782FD9FC20762246006A3C0C = {
						CreatedOnToolsVersion = 9.3;
					};
				};
			};
			buildConfigurationList = 782FD9F820762246006A3C0C /* Build configuration list for PBXProject "TTITransition" */;
			compatibilityVersion = "Xcode 9.3";
			developmentRegion = en;
			hasScannedForEncodings = 0;
			knownRegions = (
				en,
				Base,
			);
			mainGroup = 782FD9F420762246006A3C0C;
			productRefGroup = 782FD9FE20762246006A3C0C /* Products */;
			projectDirPath = "";
			projectRoot = "";
			targets = (
				782FD9FC20762246006A3C0C /* TTITransition */,
			);
		};
/* End PBXProject section */

/* Begin PBXResourcesBuildPhase section */
		782FD9FB20762246006A3C0C /* Resources */ = {
			isa = PBXResourcesBuildPhase;
			buildActionMask = 2147483647;
			files = (
				782FDA0B2076224A006A3C0C /* LaunchScreen.storyboard in Resources */,
				782FDA082076224A006A3C0C /* Assets.xcassets in Resources */,
				782FDA0620762246006A3C0C /* Main.storyboard in Resources */,
			);
			runOnlyForDeploymentPostprocessing = 0;
		};
/* End PBXResourcesBuildPhase section */

/* Begin PBXSourcesBuildPhase section */
		782FD9F920762246006A3C0C /* Sources */ = {
			isa = PBXSourcesBuildPhase;
			buildActionMask = 2147483647;
			files = (
				782FDA1B20764F07006A3C0C /* NewsTableViewController.swift in Sources */,
				7823ACAE2077539300985A41 /* LoadRequest.swift in Sources */,
				782FDA0320762246006A3C0C /* DetailsViewController.swift in Sources */,
				782FDA1D20764F22006A3C0C /* NewsTableViewCell.swift in Sources */,
				782FDA1820764CC3006A3C0C /* NewsItem.swift in Sources */,
				784B77F120778A8E00A719AA /* NewsSelector.swift in Sources */,
				782FDA0120762246006A3C0C /* AppDelegate.swift in Sources */,
			);
			runOnlyForDeploymentPostprocessing = 0;
		};
/* End PBXSourcesBuildPhase section */

/* Begin PBXVariantGroup section */
		782FDA0420762246006A3C0C /* Main.storyboard */ = {
			isa = PBXVariantGroup;
			children = (
				782FDA0520762246006A3C0C /* Base */,
			);
			name = Main.storyboard;
			sourceTree = "<group>";
		};
		782FDA092076224A006A3C0C /* LaunchScreen.storyboard */ = {
			isa = PBXVariantGroup;
			children = (
				782FDA0A2076224A006A3C0C /* Base */,
			);
			name = LaunchScreen.storyboard;
			sourceTree = "<group>";
		};
/* End PBXVariantGroup section */

/* Begin XCBuildConfiguration section */
		782FDA0D2076224A006A3C0C /* Debug */ = {
			isa = XCBuildConfiguration;
			buildSettings = {
				ALWAYS_SEARCH_USER_PATHS = NO;
				CLANG_ANALYZER_NONNULL = YES;
				CLANG_ANALYZER_NUMBER_OBJECT_CONVERSION = YES_AGGRESSIVE;
				CLANG_CXX_LANGUAGE_STANDARD = "gnu++14";
				CLANG_CXX_LIBRARY = "libc++";
				CLANG_ENABLE_MODULES = YES;
				CLANG_ENABLE_OBJC_ARC = YES;
				CLANG_ENABLE_OBJC_WEAK = YES;
				CLANG_WARN_BLOCK_CAPTURE_AUTORELEASING = YES;
				CLANG_WARN_BOOL_CONVERSION = YES;
				CLANG_WARN_COMMA = YES;
				CLANG_WARN_CONSTANT_CONVERSION = YES;
				CLANG_WARN_DEPRECATED_OBJC_IMPLEMENTATIONS = YES;
				CLANG_WARN_DIRECT_OBJC_ISA_USAGE = YES_ERROR;
				CLANG_WARN_DOCUMENTATION_COMMENTS = YES;
				CLANG_WARN_EMPTY_BODY = YES;
				CLANG_WARN_ENUM_CONVERSION = YES;
				CLANG_WARN_INFINITE_RECURSION = YES;
				CLANG_WARN_INT_CONVERSION = YES;
				CLANG_WARN_NON_LITERAL_NULL_CONVERSION = YES;
				CLANG_WARN_OBJC_IMPLICIT_RETAIN_SELF = YES;
				CLANG_WARN_OBJC_LITERAL_CONVERSION = YES;
				CLANG_WARN_OBJC_ROOT_CLASS = YES_ERROR;
				CLANG_WARN_RANGE_LOOP_ANALYSIS = YES;
				CLANG_WARN_STRICT_PROTOTYPES = YES;
				CLANG_WARN_SUSPICIOUS_MOVE = YES;
				CLANG_WARN_UNGUARDED_AVAILABILITY = YES_AGGRESSIVE;
				CLANG_WARN_UNREACHABLE_CODE = YES;
				CLANG_WARN__DUPLICATE_METHOD_MATCH = YES;
				CODE_SIGN_IDENTITY = "iPhone Developer";
				COPY_PHASE_STRIP = NO;
				DEBUG_INFORMATION_FORMAT = dwarf;
				ENABLE_STRICT_OBJC_MSGSEND = YES;
				ENABLE_TESTABILITY = YES;
				GCC_C_LANGUAGE_STANDARD = gnu11;
				GCC_DYNAMIC_NO_PIC = NO;
				GCC_NO_COMMON_BLOCKS = YES;
				GCC_OPTIMIZATION_LEVEL = 0;
				GCC_PREPROCESSOR_DEFINITIONS = (
					"DEBUG=1",
					"$(inherited)",
				);
				GCC_WARN_64_TO_32_BIT_CONVERSION = YES;
				GCC_WARN_ABOUT_RETURN_TYPE = YES_ERROR;
				GCC_WARN_UNDECLARED_SELECTOR = YES;
				GCC_WARN_UNINITIALIZED_AUTOS = YES_AGGRESSIVE;
				GCC_WARN_UNUSED_FUNCTION = YES;
				GCC_WARN_UNUSED_VARIABLE = YES;
				IPHONEOS_DEPLOYMENT_TARGET = 11.3;
				MTL_ENABLE_DEBUG_INFO = YES;
				ONLY_ACTIVE_ARCH = YES;
				SDKROOT = iphoneos;
				SWIFT_ACTIVE_COMPILATION_CONDITIONS = DEBUG;
				SWIFT_OPTIMIZATION_LEVEL = "-Onone";
			};
			name = Debug;
		};
		782FDA0E2076224A006A3C0C /* Release */ = {
			isa = XCBuildConfiguration;
			buildSettings = {
				ALWAYS_SEARCH_USER_PATHS = NO;
				CLANG_ANALYZER_NONNULL = YES;
				CLANG_ANALYZER_NUMBER_OBJECT_CONVERSION = YES_AGGRESSIVE;
				CLANG_CXX_LANGUAGE_STANDARD = "gnu++14";
				CLANG_CXX_LIBRARY = "libc++";
				CLANG_ENABLE_MODULES = YES;
				CLANG_ENABLE_OBJC_ARC = YES;
				CLANG_ENABLE_OBJC_WEAK = YES;
				CLANG_WARN_BLOCK_CAPTURE_AUTORELEASING = YES;
				CLANG_WARN_BOOL_CONVERSION = YES;
				CLANG_WARN_COMMA = YES;
				CLANG_WARN_CONSTANT_CONVERSION = YES;
				CLANG_WARN_DEPRECATED_OBJC_IMPLEMENTATIONS = YES;
				CLANG_WARN_DIRECT_OBJC_ISA_USAGE = YES_ERROR;
				CLANG_WARN_DOCUMENTATION_COMMENTS = YES;
				CLANG_WARN_EMPTY_BODY = YES;
				CLANG_WARN_ENUM_CONVERSION = YES;
				CLANG_WARN_INFINITE_RECURSION = YES;
				CLANG_WARN_INT_CONVERSION = YES;
				CLANG_WARN_NON_LITERAL_NULL_CONVERSION = YES;
				CLANG_WARN_OBJC_IMPLICIT_RETAIN_SELF = YES;
				CLANG_WARN_OBJC_LITERAL_CONVERSION = YES;
				CLANG_WARN_OBJC_ROOT_CLASS = YES_ERROR;
				CLANG_WARN_RANGE_LOOP_ANALYSIS = YES;
				CLANG_WARN_STRICT_PROTOTYPES = YES;
				CLANG_WARN_SUSPICIOUS_MOVE = YES;
				CLANG_WARN_UNGUARDED_AVAILABILITY = YES_AGGRESSIVE;
				CLANG_WARN_UNREACHABLE_CODE = YES;
				CLANG_WARN__DUPLICATE_METHOD_MATCH = YES;
				CODE_SIGN_IDENTITY = "iPhone Developer";
				COPY_PHASE_STRIP = NO;
				DEBUG_INFORMATION_FORMAT = "dwarf-with-dsym";
				ENABLE_NS_ASSERTIONS = NO;
				ENABLE_STRICT_OBJC_MSGSEND = YES;
				GCC_C_LANGUAGE_STANDARD = gnu11;
				GCC_NO_COMMON_BLOCKS = YES;
				GCC_WARN_64_TO_32_BIT_CONVERSION = YES;
				GCC_WARN_ABOUT_RETURN_TYPE = YES_ERROR;
				GCC_WARN_UNDECLARED_SELECTOR = YES;
				GCC_WARN_UNINITIALIZED_AUTOS = YES_AGGRESSIVE;
				GCC_WARN_UNUSED_FUNCTION = YES;
				GCC_WARN_UNUSED_VARIABLE = YES;
				IPHONEOS_DEPLOYMENT_TARGET = 11.3;
				MTL_ENABLE_DEBUG_INFO = NO;
				SDKROOT = iphoneos;
				SWIFT_COMPILATION_MODE = wholemodule;
				SWIFT_OPTIMIZATION_LEVEL = "-O";
				VALIDATE_PRODUCT = YES;
			};
			name = Release;
		};
		782FDA102076224A006A3C0C /* Debug */ = {
			isa = XCBuildConfiguration;
			buildSettings = {
				ASSETCATALOG_COMPILER_APPICON_NAME = AppIcon;
				CODE_SIGN_STYLE = Automatic;
				DEVELOPMENT_TEAM = 53BMYEMLU9;
				INFOPLIST_FILE = TTITransition/Info.plist;
				LD_RUNPATH_SEARCH_PATHS = "$(inherited) @executable_path/Frameworks";
				PRODUCT_BUNDLE_IDENTIFIER = Andre.Kuts.TTITransition;
				PRODUCT_NAME = "$(TARGET_NAME)";
				SWIFT_VERSION = 4.0;
				TARGETED_DEVICE_FAMILY = "1,2";
			};
			name = Debug;
		};
		782FDA112076224A006A3C0C /* Release */ = {
			isa = XCBuildConfiguration;
			buildSettings = {
				ASSETCATALOG_COMPILER_APPICON_NAME = AppIcon;
				CODE_SIGN_STYLE = Automatic;
				DEVELOPMENT_TEAM = 53BMYEMLU9;
				INFOPLIST_FILE = TTITransition/Info.plist;
				LD_RUNPATH_SEARCH_PATHS = "$(inherited) @executable_path/Frameworks";
				PRODUCT_BUNDLE_IDENTIFIER = Andre.Kuts.TTITransition;
				PRODUCT_NAME = "$(TARGET_NAME)";
				SWIFT_VERSION = 4.0;
				TARGETED_DEVICE_FAMILY = "1,2";
			};
			name = Release;
		};
/* End XCBuildConfiguration section */

/* Begin XCConfigurationList section */
		782FD9F820762246006A3C0C /* Build configuration list for PBXProject "TTITransition" */ = {
			isa = XCConfigurationList;
			buildConfigurations = (
				782FDA0D2076224A006A3C0C /* Debug */,
				782FDA0E2076224A006A3C0C /* Release */,
			);
			defaultConfigurationIsVisible = 0;
			defaultConfigurationName = Release;
		};
		782FDA0F2076224A006A3C0C /* Build configuration list for PBXNativeTarget "TTITransition" */ = {
			isa = XCConfigurationList;
			buildConfigurations = (
				782FDA102076224A006A3C0C /* Debug */,
				782FDA112076224A006A3C0C /* Release */,
			);
			defaultConfigurationIsVisible = 0;
			defaultConfigurationName = Release;
		};
/* End XCConfigurationList section */
	};
	rootObject = 782FD9F520762246006A3C0C /* Project object */;
}
